
Microsoft Visual Studio Solution File, Format Version 12.00
# Visual Studio Version 17
VisualStudioVersion = 17.10.35027.167
MinimumVisualStudioVersion = 10.0.40219.1
Project("{9A19103F-16F7-4668-BE54-9A1E7A4F7556}") = "ProductoImagenes", "ProductoImagenes.csproj", "{1744BF32-964E-4124-8993-537B757EBB54}"
EndProject
Project("{9A19103F-16F7-4668-BE54-9A1E7A4F7556}") = "ProductoImagenes.Tests", "..\ProductoImagenes.Tests\ProductoImagenes.Tests.csproj", "{4D11BC6E-355C-4AD1-B186-C9128A9CDCCE}"
EndProject
Project("{FAE04EC0-301F-11D3-BF4B-00C04F79EFBC}") = "ProductoImagenes.IntegrationTests", "..\ProductoImagenes.IntegrationTests\ProductoImagenes.IntegrationTests.csproj", "{85F947C3-34FF-4480-99A1-D20589DC44F2}"
EndProject
Global
	GlobalSection(SolutionConfigurationPlatforms) = preSolution
		Debug|Any CPU = Debug|Any CPU
		Release|Any CPU = Release|Any CPU
	EndGlobalSection
	GlobalSection(ProjectConfigurationPlatforms) = postSolution
		{1744BF32-964E-4124-8993-537B757EBB54}.Debug|Any CPU.ActiveCfg = Debug|Any CPU
		{1744BF32-964E-4124-8993-537B757EBB54}.Debug|Any CPU.Build.0 = Debug|Any CPU
		{1744BF32-964E-4124-8993-537B757EBB54}.Release|Any CPU.ActiveCfg = Release|Any CPU
		{1744BF32-964E-4124-8993-537B757EBB54}.Release|Any CPU.Build.0 = Release|Any CPU
		{4D11BC6E-355C-4AD1-B186-C9128A9CDCCE}.Debug|Any CPU.ActiveCfg = Debug|Any CPU
		{4D11BC6E-355C-4AD1-B186-C9128A9CDCCE}.Debug|Any CPU.Build.0 = Debug|Any CPU
		{4D11BC6E-355C-4AD1-B186-C9128A9CDCCE}.Release|Any CPU.ActiveCfg = Release|Any CPU
		{4D11BC6E-355C-4AD1-B186-C9128A9CDCCE}.Release|Any CPU.Build.0 = Release|Any CPU
		{85F947C3-34FF-4480-99A1-D20589DC44F2}.Debug|Any CPU.ActiveCfg = Debug|Any CPU
		{85F947C3-34FF-4480-99A1-D20589DC44F2}.Debug|Any CPU.Build.0 = Debug|Any CPU
		{85F947C3-34FF-4480-99A1-D20589DC44F2}.Release|Any CPU.ActiveCfg = Release|Any CPU
		{85F947C3-34FF-4480-99A1-D20589DC44F2}.Release|Any CPU.Build.0 = Release|Any CPU
	EndGlobalSection
	GlobalSection(SolutionProperties) = preSolution
		HideSolutionNode = FALSE
	EndGlobalSection
	GlobalSection(ExtensibilityGlobals) = postSolution
		SolutionGuid = {6CD8F0F4-41E0-406F-A647-BD4AFA9F0C61}
	EndGlobalSection
EndGlobal
